
Microsoft Visual Studio Solution File, Format Version 12.00
# Visual Studio Version 17
VisualStudioVersion = 17.7.34221.43
MinimumVisualStudioVersion = 10.0.40219.1
Project("{FAE04EC0-301F-11D3-BF4B-00C04F79EFBC}") = "SmartHome.Android", "SmartHome\SmartHome.Android\SmartHome.Android.csproj", "{79EA1AFF-45EF-4E1C-B779-C4D35FB7DA45}"
EndProject
Project("{FAE04EC0-301F-11D3-BF4B-00C04F79EFBC}") = "SmartHome.iOS", "SmartHome\SmartHome.iOS\SmartHome.iOS.csproj", "{E1A474B5-67D5-49A9-B427-81F328F5931B}"
EndProject
Project("{9A19103F-16F7-4668-BE54-9A1E7A4F7556}") = "SmartHome", "SmartHome\SmartHome\SmartHome.csproj", "{B45134A5-DA59-43DD-BA33-D12CB948DD9F}"
EndProject
Project("{9A19103F-16F7-4668-BE54-9A1E7A4F7556}") = "SmartHome.Tests", "SmartHome.Tests\SmartHome.Tests.csproj", "{9ADD00DB-0605-4B38-A5DB-2E499B5DE04D}"
EndProject
Project("{2150E333-8FDC-42A3-9474-1A3956D46DE8}") = "src", "src", "{8501323F-17A6-4B5E-B635-140240E55EF4}"
EndProject
Project("{2150E333-8FDC-42A3-9474-1A3956D46DE8}") = "test", "test", "{B600F28D-66DE-4226-A390-6EBA0FB5E5D4}"
EndProject
Project("{FAE04EC0-301F-11D3-BF4B-00C04F79EFBC}") = "SmartHome.UITests", "SmartHome.UITests\SmartHome.UITests.csproj", "{28603CD2-0709-4995-8580-599D419B7C77}"
	ProjectSection(ProjectDependencies) = postProject
		{79EA1AFF-45EF-4E1C-B779-C4D35FB7DA45} = {79EA1AFF-45EF-4E1C-B779-C4D35FB7DA45}
		{9ADD00DB-0605-4B38-A5DB-2E499B5DE04D} = {9ADD00DB-0605-4B38-A5DB-2E499B5DE04D}
		{B45134A5-DA59-43DD-BA33-D12CB948DD9F} = {B45134A5-DA59-43DD-BA33-D12CB948DD9F}
		{E1A474B5-67D5-49A9-B427-81F328F5931B} = {E1A474B5-67D5-49A9-B427-81F328F5931B}
	EndProjectSection
EndProject
Global
	GlobalSection(SolutionConfigurationPlatforms) = preSolution
		Debug|Any CPU = Debug|Any CPU
		Debug|iPhone = Debug|iPhone
		Debug|iPhoneSimulator = Debug|iPhoneSimulator
		Release|Any CPU = Release|Any CPU
		Release|iPhone = Release|iPhone
		Release|iPhoneSimulator = Release|iPhoneSimulator
		UITests|Any CPU = UITests|Any CPU
		UITests|iPhone = UITests|iPhone
		UITests|iPhoneSimulator = UITests|iPhoneSimulator
	EndGlobalSection
	GlobalSection(ProjectConfigurationPlatforms) = postSolution
		{79EA1AFF-45EF-4E1C-B779-C4D35FB7DA45}.Debug|Any CPU.ActiveCfg = Debug|Any CPU
		{79EA1AFF-45EF-4E1C-B779-C4D35FB7DA45}.Debug|Any CPU.Build.0 = Debug|Any CPU
		{79EA1AFF-45EF-4E1C-B779-C4D35FB7DA45}.Debug|Any CPU.Deploy.0 = Debug|Any CPU
		{79EA1AFF-45EF-4E1C-B779-C4D35FB7DA45}.Debug|iPhone.ActiveCfg = Debug|Any CPU
		{79EA1AFF-45EF-4E1C-B779-C4D35FB7DA45}.Debug|iPhone.Build.0 = Debug|Any CPU
		{79EA1AFF-45EF-4E1C-B779-C4D35FB7DA45}.Debug|iPhone.Deploy.0 = Debug|Any CPU
		{79EA1AFF-45EF-4E1C-B779-C4D35FB7DA45}.Debug|iPhoneSimulator.ActiveCfg = Debug|Any CPU
		{79EA1AFF-45EF-4E1C-B779-C4D35FB7DA45}.Debug|iPhoneSimulator.Build.0 = Debug|Any CPU
		{79EA1AFF-45EF-4E1C-B779-C4D35FB7DA45}.Debug|iPhoneSimulator.Deploy.0 = Debug|Any CPU
		{79EA1AFF-45EF-4E1C-B779-C4D35FB7DA45}.Release|Any CPU.ActiveCfg = Release|Any CPU
		{79EA1AFF-45EF-4E1C-B779-C4D35FB7DA45}.Release|Any CPU.Build.0 = Release|Any CPU
		{79EA1AFF-45EF-4E1C-B779-C4D35FB7DA45}.Release|Any CPU.Deploy.0 = Release|Any CPU
		{79EA1AFF-45EF-4E1C-B779-C4D35FB7DA45}.Release|iPhone.ActiveCfg = Release|Any CPU
		{79EA1AFF-45EF-4E1C-B779-C4D35FB7DA45}.Release|iPhone.Build.0 = Release|Any CPU
		{79EA1AFF-45EF-4E1C-B779-C4D35FB7DA45}.Release|iPhone.Deploy.0 = Release|Any CPU
		{79EA1AFF-45EF-4E1C-B779-C4D35FB7DA45}.Release|iPhoneSimulator.ActiveCfg = Release|Any CPU
		{79EA1AFF-45EF-4E1C-B779-C4D35FB7DA45}.Release|iPhoneSimulator.Build.0 = Release|Any CPU
		{79EA1AFF-45EF-4E1C-B779-C4D35FB7DA45}.Release|iPhoneSimulator.Deploy.0 = Release|Any CPU
		{79EA1AFF-45EF-4E1C-B779-C4D35FB7DA45}.UITests|Any CPU.ActiveCfg = UITests|Any CPU
		{79EA1AFF-45EF-4E1C-B779-C4D35FB7DA45}.UITests|Any CPU.Build.0 = UITests|Any CPU
		{79EA1AFF-45EF-4E1C-B779-C4D35FB7DA45}.UITests|Any CPU.Deploy.0 = UITests|Any CPU
		{79EA1AFF-45EF-4E1C-B779-C4D35FB7DA45}.UITests|iPhone.ActiveCfg = UITests|Any CPU
		{79EA1AFF-45EF-4E1C-B779-C4D35FB7DA45}.UITests|iPhone.Build.0 = UITests|Any CPU
		{79EA1AFF-45EF-4E1C-B779-C4D35FB7DA45}.UITests|iPhone.Deploy.0 = UITests|Any CPU
		{79EA1AFF-45EF-4E1C-B779-C4D35FB7DA45}.UITests|iPhoneSimulator.ActiveCfg = UITests|Any CPU
		{79EA1AFF-45EF-4E1C-B779-C4D35FB7DA45}.UITests|iPhoneSimulator.Build.0 = UITests|Any CPU
		{79EA1AFF-45EF-4E1C-B779-C4D35FB7DA45}.UITests|iPhoneSimulator.Deploy.0 = UITests|Any CPU
		{E1A474B5-67D5-49A9-B427-81F328F5931B}.Debug|Any CPU.ActiveCfg = Debug|iPhone
		{E1A474B5-67D5-49A9-B427-81F328F5931B}.Debug|Any CPU.Build.0 = Debug|iPhone
		{E1A474B5-67D5-49A9-B427-81F328F5931B}.Debug|Any CPU.Deploy.0 = Debug|iPhone
		{E1A474B5-67D5-49A9-B427-81F328F5931B}.Debug|iPhone.ActiveCfg = Debug|iPhone
		{E1A474B5-67D5-49A9-B427-81F328F5931B}.Debug|iPhone.Build.0 = Debug|iPhone
		{E1A474B5-67D5-49A9-B427-81F328F5931B}.Debug|iPhone.Deploy.0 = Debug|iPhone
		{E1A474B5-67D5-49A9-B427-81F328F5931B}.Debug|iPhoneSimulator.ActiveCfg = Debug|iPhoneSimulator
		{E1A474B5-67D5-49A9-B427-81F328F5931B}.Debug|iPhoneSimulator.Build.0 = Debug|iPhoneSimulator
		{E1A474B5-67D5-49A9-B427-81F328F5931B}.Debug|iPhoneSimulator.Deploy.0 = Debug|iPhoneSimulator
		{E1A474B5-67D5-49A9-B427-81F328F5931B}.Release|Any CPU.ActiveCfg = Release|iPhoneSimulator
		{E1A474B5-67D5-49A9-B427-81F328F5931B}.Release|Any CPU.Build.0 = Release|iPhoneSimulator
		{E1A474B5-67D5-49A9-B427-81F328F5931B}.Release|Any CPU.Deploy.0 = Release|iPhoneSimulator
		{E1A474B5-67D5-49A9-B427-81F328F5931B}.Release|iPhone.ActiveCfg = Release|iPhone
		{E1A474B5-67D5-49A9-B427-81F328F5931B}.Release|iPhone.Build.0 = Release|iPhone
		{E1A474B5-67D5-49A9-B427-81F328F5931B}.Release|iPhone.Deploy.0 = Release|iPhone
		{E1A474B5-67D5-49A9-B427-81F328F5931B}.Release|iPhoneSimulator.ActiveCfg = Release|iPhoneSimulator
		{E1A474B5-67D5-49A9-B427-81F328F5931B}.Release|iPhoneSimulator.Build.0 = Release|iPhoneSimulator
		{E1A474B5-67D5-49A9-B427-81F328F5931B}.Release|iPhoneSimulator.Deploy.0 = Release|iPhoneSimulator
		{E1A474B5-67D5-49A9-B427-81F328F5931B}.UITests|Any CPU.ActiveCfg = UITests|iPhoneSimulator
		{E1A474B5-67D5-49A9-B427-81F328F5931B}.UITests|iPhone.ActiveCfg = UITests|iPhone
		{E1A474B5-67D5-49A9-B427-81F328F5931B}.UITests|iPhone.Build.0 = UITests|iPhone
		{E1A474B5-67D5-49A9-B427-81F328F5931B}.UITests|iPhoneSimulator.ActiveCfg = UITests|iPhoneSimulator
		{E1A474B5-67D5-49A9-B427-81F328F5931B}.UITests|iPhoneSimulator.Build.0 = UITests|iPhoneSimulator
		{B45134A5-DA59-43DD-BA33-D12CB948DD9F}.Debug|Any CPU.ActiveCfg = Debug|Any CPU
		{B45134A5-DA59-43DD-BA33-D12CB948DD9F}.Debug|Any CPU.Build.0 = Debug|Any CPU
		{B45134A5-DA59-43DD-BA33-D12CB948DD9F}.Debug|Any CPU.Deploy.0 = Debug|Any CPU
		{B45134A5-DA59-43DD-BA33-D12CB948DD9F}.Debug|iPhone.ActiveCfg = Debug|Any CPU
		{B45134A5-DA59-43DD-BA33-D12CB948DD9F}.Debug|iPhone.Build.0 = Debug|Any CPU
		{B45134A5-DA59-43DD-BA33-D12CB948DD9F}.Debug|iPhone.Deploy.0 = Debug|Any CPU
		{B45134A5-DA59-43DD-BA33-D12CB948DD9F}.Debug|iPhoneSimulator.ActiveCfg = Debug|Any CPU
		{B45134A5-DA59-43DD-BA33-D12CB948DD9F}.Debug|iPhoneSimulator.Build.0 = Debug|Any CPU
		{B45134A5-DA59-43DD-BA33-D12CB948DD9F}.Debug|iPhoneSimulator.Deploy.0 = Debug|Any CPU
		{B45134A5-DA59-43DD-BA33-D12CB948DD9F}.Release|Any CPU.ActiveCfg = Release|Any CPU
		{B45134A5-DA59-43DD-BA33-D12CB948DD9F}.Release|Any CPU.Build.0 = Release|Any CPU
		{B45134A5-DA59-43DD-BA33-D12CB948DD9F}.Release|Any CPU.Deploy.0 = Release|Any CPU
		{B45134A5-DA59-43DD-BA33-D12CB948DD9F}.Release|iPhone.ActiveCfg = Release|Any CPU
		{B45134A5-DA59-43DD-BA33-D12CB948DD9F}.Release|iPhone.Build.0 = Release|Any CPU
		{B45134A5-DA59-43DD-BA33-D12CB948DD9F}.Release|iPhone.Deploy.0 = Release|Any CPU
		{B45134A5-DA59-43DD-BA33-D12CB948DD9F}.Release|iPhoneSimulator.ActiveCfg = Release|Any CPU
		{B45134A5-DA59-43DD-BA33-D12CB948DD9F}.Release|iPhoneSimulator.Build.0 = Release|Any CPU
		{B45134A5-DA59-43DD-BA33-D12CB948DD9F}.Release|iPhoneSimulator.Deploy.0 = Release|Any CPU
		{B45134A5-DA59-43DD-BA33-D12CB948DD9F}.UITests|Any CPU.ActiveCfg = UITests|Any CPU
		{B45134A5-DA59-43DD-BA33-D12CB948DD9F}.UITests|Any CPU.Build.0 = UITests|Any CPU
		{B45134A5-DA59-43DD-BA33-D12CB948DD9F}.UITests|iPhone.ActiveCfg = UITests|Any CPU
		{B45134A5-DA59-43DD-BA33-D12CB948DD9F}.UITests|iPhone.Build.0 = UITests|Any CPU
		{B45134A5-DA59-43DD-BA33-D12CB948DD9F}.UITests|iPhoneSimulator.ActiveCfg = UITests|Any CPU
		{B45134A5-DA59-43DD-BA33-D12CB948DD9F}.UITests|iPhoneSimulator.Build.0 = UITests|Any CPU
		{9ADD00DB-0605-4B38-A5DB-2E499B5DE04D}.Debug|Any CPU.ActiveCfg = Debug|Any CPU
		{9ADD00DB-0605-4B38-A5DB-2E499B5DE04D}.Debug|Any CPU.Build.0 = Debug|Any CPU
		{9ADD00DB-0605-4B38-A5DB-2E499B5DE04D}.Debug|iPhone.ActiveCfg = Debug|Any CPU
		{9ADD00DB-0605-4B38-A5DB-2E499B5DE04D}.Debug|iPhone.Build.0 = Debug|Any CPU
		{9ADD00DB-0605-4B38-A5DB-2E499B5DE04D}.Debug|iPhoneSimulator.ActiveCfg = Debug|Any CPU
		{9ADD00DB-0605-4B38-A5DB-2E499B5DE04D}.Debug|iPhoneSimulator.Build.0 = Debug|Any CPU
		{9ADD00DB-0605-4B38-A5DB-2E499B5DE04D}.Release|Any CPU.ActiveCfg = Release|Any CPU
		{9ADD00DB-0605-4B38-A5DB-2E499B5DE04D}.Release|Any CPU.Build.0 = Release|Any CPU
		{9ADD00DB-0605-4B38-A5DB-2E499B5DE04D}.Release|iPhone.ActiveCfg = Release|Any CPU
		{9ADD00DB-0605-4B38-A5DB-2E499B5DE04D}.Release|iPhone.Build.0 = Release|Any CPU
		{9ADD00DB-0605-4B38-A5DB-2E499B5DE04D}.Release|iPhoneSimulator.ActiveCfg = Release|Any CPU
		{9ADD00DB-0605-4B38-A5DB-2E499B5DE04D}.Release|iPhoneSimulator.Build.0 = Release|Any CPU
		{9ADD00DB-0605-4B38-A5DB-2E499B5DE04D}.UITests|Any CPU.ActiveCfg = UITests|Any CPU
		{9ADD00DB-0605-4B38-A5DB-2E499B5DE04D}.UITests|iPhone.ActiveCfg = UITests|Any CPU
		{9ADD00DB-0605-4B38-A5DB-2E499B5DE04D}.UITests|iPhone.Build.0 = UITests|Any CPU
		{9ADD00DB-0605-4B38-A5DB-2E499B5DE04D}.UITests|iPhoneSimulator.ActiveCfg = UITests|Any CPU
		{9ADD00DB-0605-4B38-A5DB-2E499B5DE04D}.UITests|iPhoneSimulator.Build.0 = UITests|Any CPU
		{28603CD2-0709-4995-8580-599D419B7C77}.Debug|Any CPU.ActiveCfg = Debug|Any CPU
		{28603CD2-0709-4995-8580-599D419B7C77}.Debug|Any CPU.Build.0 = Debug|Any CPU
		{28603CD2-0709-4995-8580-599D419B7C77}.Debug|iPhone.ActiveCfg = Debug|Any CPU
		{28603CD2-0709-4995-8580-599D419B7C77}.Debug|iPhone.Build.0 = Debug|Any CPU
		{28603CD2-0709-4995-8580-599D419B7C77}.Debug|iPhoneSimulator.ActiveCfg = Debug|Any CPU
		{28603CD2-0709-4995-8580-599D419B7C77}.Debug|iPhoneSimulator.Build.0 = Debug|Any CPU
		{28603CD2-0709-4995-8580-599D419B7C77}.Release|Any CPU.ActiveCfg = Release|Any CPU
		{28603CD2-0709-4995-8580-599D419B7C77}.Release|Any CPU.Build.0 = Release|Any CPU
		{28603CD2-0709-4995-8580-599D419B7C77}.Release|iPhone.ActiveCfg = Release|Any CPU
		{28603CD2-0709-4995-8580-599D419B7C77}.Release|iPhone.Build.0 = Release|Any CPU
		{28603CD2-0709-4995-8580-599D419B7C77}.Release|iPhoneSimulator.ActiveCfg = Release|Any CPU
		{28603CD2-0709-4995-8580-599D419B7C77}.Release|iPhoneSimulator.Build.0 = Release|Any CPU
		{28603CD2-0709-4995-8580-599D419B7C77}.UITests|Any CPU.ActiveCfg = UITests|Any CPU
		{28603CD2-0709-4995-8580-599D419B7C77}.UITests|Any CPU.Build.0 = UITests|Any CPU
		{28603CD2-0709-4995-8580-599D419B7C77}.UITests|iPhone.ActiveCfg = UITests|Any CPU
		{28603CD2-0709-4995-8580-599D419B7C77}.UITests|iPhone.Build.0 = UITests|Any CPU
		{28603CD2-0709-4995-8580-599D419B7C77}.UITests|iPhoneSimulator.ActiveCfg = UITests|Any CPU
		{28603CD2-0709-4995-8580-599D419B7C77}.UITests|iPhoneSimulator.Build.0 = UITests|Any CPU
	EndGlobalSection
	GlobalSection(SolutionProperties) = preSolution
		HideSolutionNode = FALSE
	EndGlobalSection
	GlobalSection(NestedProjects) = preSolution
		{79EA1AFF-45EF-4E1C-B779-C4D35FB7DA45} = {8501323F-17A6-4B5E-B635-140240E55EF4}
		{E1A474B5-67D5-49A9-B427-81F328F5931B} = {8501323F-17A6-4B5E-B635-140240E55EF4}
		{B45134A5-DA59-43DD-BA33-D12CB948DD9F} = {8501323F-17A6-4B5E-B635-140240E55EF4}
		{9ADD00DB-0605-4B38-A5DB-2E499B5DE04D} = {B600F28D-66DE-4226-A390-6EBA0FB5E5D4}
		{28603CD2-0709-4995-8580-599D419B7C77} = {B600F28D-66DE-4226-A390-6EBA0FB5E5D4}
	EndGlobalSection
	GlobalSection(ExtensibilityGlobals) = postSolution
		SolutionGuid = {70913F0D-1E18-4375-8112-A0A52BE809ED}
	EndGlobalSection
EndGlobal
